
Microsoft Visual Studio Solution File, Format Version 12.00
# Visual Studio Version 17
VisualStudioVersion = 17.5.33530.505
MinimumVisualStudioVersion = 10.0.40219.1
Project("{FAE04EC0-301F-11D3-BF4B-00C04F79EFBC}") = "CarList.Logic", "CarList.Logic\CarList.Logic.csproj", "{7573463B-A679-4A49-A617-86AFEB0BFB7B}"
EndProject
Project("{FAE04EC0-301F-11D3-BF4B-00C04F79EFBC}") = "CarList.UI", "CarList.UI\CarList.UI.csproj", "{A0CE0DCB-4268-4121-9F92-24A17B723CDE}"
EndProject
Global
	GlobalSection(SolutionConfigurationPlatforms) = preSolution
		Debug|Any CPU = Debug|Any CPU
		Release|Any CPU = Release|Any CPU
	EndGlobalSection
	GlobalSection(ProjectConfigurationPlatforms) = postSolution
		{7573463B-A679-4A49-A617-86AFEB0BFB7B}.Debug|Any CPU.ActiveCfg = Debug|Any CPU
		{7573463B-A679-4A49-A617-86AFEB0BFB7B}.Debug|Any CPU.Build.0 = Debug|Any CPU
		{7573463B-A679-4A49-A617-86AFEB0BFB7B}.Release|Any CPU.ActiveCfg = Release|Any CPU
		{7573463B-A679-4A49-A617-86AFEB0BFB7B}.Release|Any CPU.Build.0 = Release|Any CPU
		{A0CE0DCB-4268-4121-9F92-24A17B723CDE}.Debug|Any CPU.ActiveCfg = Debug|Any CPU
		{A0CE0DCB-4268-4121-9F92-24A17B723CDE}.Debug|Any CPU.Build.0 = Debug|Any CPU
		{A0CE0DCB-4268-4121-9F92-24A17B723CDE}.Release|Any CPU.ActiveCfg = Release|Any CPU
		{A0CE0DCB-4268-4121-9F92-24A17B723CDE}.Release|Any CPU.Build.0 = Release|Any CPU
	EndGlobalSection
	GlobalSection(SolutionProperties) = preSolution
		HideSolutionNode = FALSE
	EndGlobalSection
	GlobalSection(ExtensibilityGlobals) = postSolution
		SolutionGuid = {69C8865E-E891-4356-8B1A-02095753A935}
	EndGlobalSection
EndGlobal
